// !$*UTF8*$!
{
	archiveVersion = 1;
	classes = {
	};
	objectVersion = 56;
	objects = {

/* Begin PBXBuildFile section */
		910BCACB29D82ED4008BD507 /* SeungMaGoChi Watch App.app in Embed Watch Content */ = {isa = PBXBuildFile; fileRef = 910BCACA29D82ED4008BD507 /* SeungMaGoChi Watch App.app */; settings = {ATTRIBUTES = (RemoveHeadersOnCopy, ); }; };
		910BCAD029D82ED4008BD507 /* SeungMaGoChiApp.swift in Sources */ = {isa = PBXBuildFile; fileRef = 910BCACF29D82ED4008BD507 /* SeungMaGoChiApp.swift */; };
		910BCAD229D82ED4008BD507 /* ContentView.swift in Sources */ = {isa = PBXBuildFile; fileRef = 910BCAD129D82ED4008BD507 /* ContentView.swift */; };
		910BCAD429D82ED5008BD507 /* Assets.xcassets in Resources */ = {isa = PBXBuildFile; fileRef = 910BCAD329D82ED5008BD507 /* Assets.xcassets */; };
		910BCAD729D82ED5008BD507 /* Preview Assets.xcassets in Resources */ = {isa = PBXBuildFile; fileRef = 910BCAD629D82ED5008BD507 /* Preview Assets.xcassets */; };
		91C33CD129D839D400B8AE84 /* PedometerViewModel.swift in Sources */ = {isa = PBXBuildFile; fileRef = 91C33CD029D839D400B8AE84 /* PedometerViewModel.swift */; };
/* End PBXBuildFile section */

/* Begin PBXContainerItemProxy section */
		910BCACC29D82ED4008BD507 /* PBXContainerItemProxy */ = {
			isa = PBXContainerItemProxy;
			containerPortal = 910BCABE29D82ED4008BD507 /* Project object */;
			proxyType = 1;
			remoteGlobalIDString = 910BCAC929D82ED4008BD507;
			remoteInfo = "SeungMaGoChi Watch App";
		};
/* End PBXContainerItemProxy section */

/* Begin PBXCopyFilesBuildPhase section */
		910BCADD29D82ED5008BD507 /* Embed Watch Content */ = {
			isa = PBXCopyFilesBuildPhase;
			buildActionMask = 2147483647;
			dstPath = "$(CONTENTS_FOLDER_PATH)/Watch";
			dstSubfolderSpec = 16;
			files = (
				910BCACB29D82ED4008BD507 /* SeungMaGoChi Watch App.app in Embed Watch Content */,
			);
			name = "Embed Watch Content";
			runOnlyForDeploymentPostprocessing = 0;
		};
/* End PBXCopyFilesBuildPhase section */

/* Begin PBXFileReference section */
		910BCAC429D82ED4008BD507 /* SeungMaGoChi.app */ = {isa = PBXFileReference; explicitFileType = wrapper.application; includeInIndex = 0; path = SeungMaGoChi.app; sourceTree = BUILT_PRODUCTS_DIR; };
		910BCACA29D82ED4008BD507 /* SeungMaGoChi Watch App.app */ = {isa = PBXFileReference; explicitFileType = wrapper.application; includeInIndex = 0; path = "SeungMaGoChi Watch App.app"; sourceTree = BUILT_PRODUCTS_DIR; };
		910BCACF29D82ED4008BD507 /* SeungMaGoChiApp.swift */ = {isa = PBXFileReference; lastKnownFileType = sourcecode.swift; path = SeungMaGoChiApp.swift; sourceTree = "<group>"; };
		910BCAD129D82ED4008BD507 /* ContentView.swift */ = {isa = PBXFileReference; lastKnownFileType = sourcecode.swift; path = ContentView.swift; sourceTree = "<group>"; };
		910BCAD329D82ED5008BD507 /* Assets.xcassets */ = {isa = PBXFileReference; lastKnownFileType = folder.assetcatalog; path = Assets.xcassets; sourceTree = "<group>"; };
		910BCAD629D82ED5008BD507 /* Preview Assets.xcassets */ = {isa = PBXFileReference; lastKnownFileType = folder.assetcatalog; path = "Preview Assets.xcassets"; sourceTree = "<group>"; };
		91C33CD029D839D400B8AE84 /* PedometerViewModel.swift */ = {isa = PBXFileReference; lastKnownFileType = sourcecode.swift; path = PedometerViewModel.swift; sourceTree = "<group>"; };
		91C33CD229D83C0D00B8AE84 /* SeungMaGoChi-Watch-App-Info.plist */ = {isa = PBXFileReference; lastKnownFileType = text.plist; path = "SeungMaGoChi-Watch-App-Info.plist"; sourceTree = SOURCE_ROOT; };
/* End PBXFileReference section */

/* Begin PBXFrameworksBuildPhase section */
		910BCAC729D82ED4008BD507 /* Frameworks */ = {
			isa = PBXFrameworksBuildPhase;
			buildActionMask = 2147483647;
			files = (
			);
			runOnlyForDeploymentPostprocessing = 0;
		};
/* End PBXFrameworksBuildPhase section */

/* Begin PBXGroup section */
		910BCABD29D82ED4008BD507 = {
			isa = PBXGroup;
			children = (
				910BCACE29D82ED4008BD507 /* SeungMaGoChi Watch App */,
				910BCAC529D82ED4008BD507 /* Products */,
			);
			sourceTree = "<group>";
		};
		910BCAC529D82ED4008BD507 /* Products */ = {
			isa = PBXGroup;
			children = (
				910BCAC429D82ED4008BD507 /* SeungMaGoChi.app */,
				910BCACA29D82ED4008BD507 /* SeungMaGoChi Watch App.app */,
			);
			name = Products;
			sourceTree = "<group>";
		};
		910BCACE29D82ED4008BD507 /* SeungMaGoChi Watch App */ = {
			isa = PBXGroup;
			children = (
				91C33CD229D83C0D00B8AE84 /* SeungMaGoChi-Watch-App-Info.plist */,
				910BCACF29D82ED4008BD507 /* SeungMaGoChiApp.swift */,
				910BCAD129D82ED4008BD507 /* ContentView.swift */,
				91C33CD029D839D400B8AE84 /* PedometerViewModel.swift */,
				910BCAD329D82ED5008BD507 /* Assets.xcassets */,
				910BCAD529D82ED5008BD507 /* Preview Content */,
			);
			path = "SeungMaGoChi Watch App";
			sourceTree = "<group>";
		};
		910BCAD529D82ED5008BD507 /* Preview Content */ = {
			isa = PBXGroup;
			children = (
				910BCAD629D82ED5008BD507 /* Preview Assets.xcassets */,
			);
			path = "Preview Content";
			sourceTree = "<group>";
		};
/* End PBXGroup section */

/* Begin PBXNativeTarget section */
		910BCAC329D82ED4008BD507 /* SeungMaGoChi */ = {
			isa = PBXNativeTarget;
			buildConfigurationList = 910BCADE29D82ED5008BD507 /* Build configuration list for PBXNativeTarget "SeungMaGoChi" */;
			buildPhases = (
				910BCAC229D82ED4008BD507 /* Resources */,
				910BCADD29D82ED5008BD507 /* Embed Watch Content */,
			);
			buildRules = (
			);
			dependencies = (
				910BCACD29D82ED4008BD507 /* PBXTargetDependency */,
			);
			name = SeungMaGoChi;
			productName = SeungMaGoChi;
			productReference = 910BCAC429D82ED4008BD507 /* SeungMaGoChi.app */;
			productType = "com.apple.product-type.application.watchapp2-container";
		};
		910BCAC929D82ED4008BD507 /* SeungMaGoChi Watch App */ = {
			isa = PBXNativeTarget;
			buildConfigurationList = 910BCADA29D82ED5008BD507 /* Build configuration list for PBXNativeTarget "SeungMaGoChi Watch App" */;
			buildPhases = (
				910BCAC629D82ED4008BD507 /* Sources */,
				910BCAC729D82ED4008BD507 /* Frameworks */,
				910BCAC829D82ED4008BD507 /* Resources */,
			);
			buildRules = (
			);
			dependencies = (
			);
			name = "SeungMaGoChi Watch App";
			productName = "SeungMaGoChi Watch App";
			productReference = 910BCACA29D82ED4008BD507 /* SeungMaGoChi Watch App.app */;
			productType = "com.apple.product-type.application";
		};
/* End PBXNativeTarget section */

/* Begin PBXProject section */
		910BCABE29D82ED4008BD507 /* Project object */ = {
			isa = PBXProject;
			attributes = {
				BuildIndependentTargetsInParallel = 1;
				LastSwiftUpdateCheck = 1410;
				LastUpgradeCheck = 1410;
				TargetAttributes = {
					910BCAC329D82ED4008BD507 = {
						CreatedOnToolsVersion = 14.1;
					};
					910BCAC929D82ED4008BD507 = {
						CreatedOnToolsVersion = 14.1;
					};
				};
			};
			buildConfigurationList = 910BCAC129D82ED4008BD507 /* Build configuration list for PBXProject "SeungMaGoChi" */;
			compatibilityVersion = "Xcode 14.0";
			developmentRegion = en;
			hasScannedForEncodings = 0;
			knownRegions = (
				en,
				Base,
			);
			mainGroup = 910BCABD29D82ED4008BD507;
			productRefGroup = 910BCAC529D82ED4008BD507 /* Products */;
			projectDirPath = "";
			projectRoot = "";
			targets = (
				910BCAC329D82ED4008BD507 /* SeungMaGoChi */,
				910BCAC929D82ED4008BD507 /* SeungMaGoChi Watch App */,
			);
		};
/* End PBXProject section */

/* Begin PBXResourcesBuildPhase section */
		910BCAC229D82ED4008BD507 /* Resources */ = {
			isa = PBXResourcesBuildPhase;
			buildActionMask = 2147483647;
			files = (
			);
			runOnlyForDeploymentPostprocessing = 0;
		};
		910BCAC829D82ED4008BD507 /* Resources */ = {
			isa = PBXResourcesBuildPhase;
			buildActionMask = 2147483647;
			files = (
				910BCAD729D82ED5008BD507 /* Preview Assets.xcassets in Resources */,
				910BCAD429D82ED5008BD507 /* Assets.xcassets in Resources */,
			);
			runOnlyForDeploymentPostprocessing = 0;
		};
/* End PBXResourcesBuildPhase section */

/* Begin PBXSourcesBuildPhase section */
		910BCAC629D82ED4008BD507 /* Sources */ = {
			isa = PBXSourcesBuildPhase;
			buildActionMask = 2147483647;
			files = (
				910BCAD229D82ED4008BD507 /* ContentView.swift in Sources */,
				91C33CD129D839D400B8AE84 /* PedometerViewModel.swift in Sources */,
				910BCAD029D82ED4008BD507 /* SeungMaGoChiApp.swift in Sources */,
			);
			runOnlyForDeploymentPostprocessing = 0;
		};
/* End PBXSourcesBuildPhase section */

/* Begin PBXTargetDependency section */
		910BCACD29D82ED4008BD507 /* PBXTargetDependency */ = {
			isa = PBXTargetDependency;
			target = 910BCAC929D82ED4008BD507 /* SeungMaGoChi Watch App */;
			targetProxy = 910BCACC29D82ED4008BD507 /* PBXContainerItemProxy */;
		};
/* End PBXTargetDependency section */

/* Begin XCBuildConfiguration section */
		910BCAD829D82ED5008BD507 /* Debug */ = {
			isa = XCBuildConfiguration;
			buildSettings = {
				ALWAYS_SEARCH_USER_PATHS = NO;
				CLANG_ANALYZER_NONNULL = YES;
				CLANG_ANALYZER_NUMBER_OBJECT_CONVERSION = YES_AGGRESSIVE;
				CLANG_CXX_LANGUAGE_STANDARD = "gnu++20";
				CLANG_ENABLE_MODULES = YES;
				CLANG_ENABLE_OBJC_ARC = YES;
				CLANG_ENABLE_OBJC_WEAK = YES;
				CLANG_WARN_BLOCK_CAPTURE_AUTORELEASING = YES;
				CLANG_WARN_BOOL_CONVERSION = YES;
				CLANG_WARN_COMMA = YES;
				CLANG_WARN_CONSTANT_CONVERSION = YES;
				CLANG_WARN_DEPRECATED_OBJC_IMPLEMENTATIONS = YES;
				CLANG_WARN_DIRECT_OBJC_ISA_USAGE = YES_ERROR;
				CLANG_WARN_DOCUMENTATION_COMMENTS = YES;
				CLANG_WARN_EMPTY_BODY = YES;
				CLANG_WARN_ENUM_CONVERSION = YES;
				CLANG_WARN_INFINITE_RECURSION = YES;
				CLANG_WARN_INT_CONVERSION = YES;
				CLANG_WARN_NON_LITERAL_NULL_CONVERSION = YES;
				CLANG_WARN_OBJC_IMPLICIT_RETAIN_SELF = YES;
				CLANG_WARN_OBJC_LITERAL_CONVERSION = YES;
				CLANG_WARN_OBJC_ROOT_CLASS = YES_ERROR;
				CLANG_WARN_QUOTED_INCLUDE_IN_FRAMEWORK_HEADER = YES;
				CLANG_WARN_RANGE_LOOP_ANALYSIS = YES;
				CLANG_WARN_STRICT_PROTOTYPES = YES;
				CLANG_WARN_SUSPICIOUS_MOVE = YES;
				CLANG_WARN_UNGUARDED_AVAILABILITY = YES_AGGRESSIVE;
				CLANG_WARN_UNREACHABLE_CODE = YES;
				CLANG_WARN__DUPLICATE_METHOD_MATCH = YES;
				COPY_PHASE_STRIP = NO;
				DEBUG_INFORMATION_FORMAT = dwarf;
				ENABLE_STRICT_OBJC_MSGSEND = YES;
				ENABLE_TESTABILITY = YES;
				GCC_C_LANGUAGE_STANDARD = gnu11;
				GCC_DYNAMIC_NO_PIC = NO;
				GCC_NO_COMMON_BLOCKS = YES;
				GCC_OPTIMIZATION_LEVEL = 0;
				GCC_PREPROCESSOR_DEFINITIONS = (
					"DEBUG=1",
					"$(inherited)",
				);
				GCC_WARN_64_TO_32_BIT_CONVERSION = YES;
				GCC_WARN_ABOUT_RETURN_TYPE = YES_ERROR;
				GCC_WARN_UNDECLARED_SELECTOR = YES;
				GCC_WARN_UNINITIALIZED_AUTOS = YES_AGGRESSIVE;
				GCC_WARN_UNUSED_FUNCTION = YES;
				GCC_WARN_UNUSED_VARIABLE = YES;
				MTL_ENABLE_DEBUG_INFO = INCLUDE_SOURCE;
				MTL_FAST_MATH = YES;
				ONLY_ACTIVE_ARCH = YES;
				SWIFT_ACTIVE_COMPILATION_CONDITIONS = DEBUG;
				SWIFT_OPTIMIZATION_LEVEL = "-Onone";
			};
			name = Debug;
		};
		910BCAD929D82ED5008BD507 /* Release */ = {
			isa = XCBuildConfiguration;
			buildSettings = {
				ALWAYS_SEARCH_USER_PATHS = NO;
				CLANG_ANALYZER_NONNULL = YES;
				CLANG_ANALYZER_NUMBER_OBJECT_CONVERSION = YES_AGGRESSIVE;
				CLANG_CXX_LANGUAGE_STANDARD = "gnu++20";
				CLANG_ENABLE_MODULES = YES;
				CLANG_ENABLE_OBJC_ARC = YES;
				CLANG_ENABLE_OBJC_WEAK = YES;
				CLANG_WARN_BLOCK_CAPTURE_AUTORELEASING = YES;
				CLANG_WARN_BOOL_CONVERSION = YES;
				CLANG_WARN_COMMA = YES;
				CLANG_WARN_CONSTANT_CONVERSION = YES;
				CLANG_WARN_DEPRECATED_OBJC_IMPLEMENTATIONS = YES;
				CLANG_WARN_DIRECT_OBJC_ISA_USAGE = YES_ERROR;
				CLANG_WARN_DOCUMENTATION_COMMENTS = YES;
				CLANG_WARN_EMPTY_BODY = YES;
				CLANG_WARN_ENUM_CONVERSION = YES;
				CLANG_WARN_INFINITE_RECURSION = YES;
				CLANG_WARN_INT_CONVERSION = YES;
				CLANG_WARN_NON_LITERAL_NULL_CONVERSION = YES;
				CLANG_WARN_OBJC_IMPLICIT_RETAIN_SELF = YES;
				CLANG_WARN_OBJC_LITERAL_CONVERSION = YES;
				CLANG_WARN_OBJC_ROOT_CLASS = YES_ERROR;
				CLANG_WARN_QUOTED_INCLUDE_IN_FRAMEWORK_HEADER = YES;
				CLANG_WARN_RANGE_LOOP_ANALYSIS = YES;
				CLANG_WARN_STRICT_PROTOTYPES = YES;
				CLANG_WARN_SUSPICIOUS_MOVE = YES;
				CLANG_WARN_UNGUARDED_AVAILABILITY = YES_AGGRESSIVE;
				CLANG_WARN_UNREACHABLE_CODE = YES;
				CLANG_WARN__DUPLICATE_METHOD_MATCH = YES;
				COPY_PHASE_STRIP = NO;
				DEBUG_INFORMATION_FORMAT = "dwarf-with-dsym";
				ENABLE_NS_ASSERTIONS = NO;
				ENABLE_STRICT_OBJC_MSGSEND = YES;
				GCC_C_LANGUAGE_STANDARD = gnu11;
				GCC_NO_COMMON_BLOCKS = YES;
				GCC_WARN_64_TO_32_BIT_CONVERSION = YES;
				GCC_WARN_ABOUT_RETURN_TYPE = YES_ERROR;
				GCC_WARN_UNDECLARED_SELECTOR = YES;
				GCC_WARN_UNINITIALIZED_AUTOS = YES_AGGRESSIVE;
				GCC_WARN_UNUSED_FUNCTION = YES;
				GCC_WARN_UNUSED_VARIABLE = YES;
				MTL_ENABLE_DEBUG_INFO = NO;
				MTL_FAST_MATH = YES;
				SWIFT_COMPILATION_MODE = wholemodule;
				SWIFT_OPTIMIZATION_LEVEL = "-O";
			};
			name = Release;
		};
		910BCADB29D82ED5008BD507 /* Debug */ = {
			isa = XCBuildConfiguration;
			buildSettings = {
				ASSETCATALOG_COMPILER_APPICON_NAME = AppIcon;
				ASSETCATALOG_COMPILER_GLOBAL_ACCENT_COLOR_NAME = AccentColor;
				CODE_SIGN_STYLE = Automatic;
				CURRENT_PROJECT_VERSION = 1;
				DEVELOPMENT_ASSET_PATHS = "\"SeungMaGoChi Watch App/Preview Content\"";
				DEVELOPMENT_TEAM = TZGL6R438Y;
				ENABLE_PREVIEWS = YES;
				GENERATE_INFOPLIST_FILE = YES;
				INFOPLIST_FILE = "SeungMaGoChi-Watch-App-Info.plist";
				INFOPLIST_KEY_CFBundleDisplayName = SeungMaGoChi;
				INFOPLIST_KEY_NSMotionUsageDescription = "This app requires to access motion data";
				INFOPLIST_KEY_UISupportedInterfaceOrientations = "UIInterfaceOrientationPortrait UIInterfaceOrientationPortraitUpsideDown";
				INFOPLIST_KEY_WKWatchOnly = YES;
				LD_RUNPATH_SEARCH_PATHS = (
					"$(inherited)",
					"@executable_path/Frameworks",
				);
				MARKETING_VERSION = 1.0;
				PRODUCT_BUNDLE_IDENTIFIER = "com.eunsung-dev.SeungMaGoChi.watchkitapp";
				PRODUCT_NAME = "$(TARGET_NAME)";
				SDKROOT = watchos;
				SKIP_INSTALL = YES;
				SWIFT_EMIT_LOC_STRINGS = YES;
				SWIFT_VERSION = 5.0;
				TARGETED_DEVICE_FAMILY = 4;
				WATCHOS_DEPLOYMENT_TARGET = 9.1;
			};
			name = Debug;
		};
		910BCADC29D82ED5008BD507 /* Release */ = {
			isa = XCBuildConfiguration;
			buildSettings = {
				ASSETCATALOG_COMPILER_APPICON_NAME = AppIcon;
				ASSETCATALOG_COMPILER_GLOBAL_ACCENT_COLOR_NAME = AccentColor;
				CODE_SIGN_STYLE = Automatic;
				CURRENT_PROJECT_VERSION = 1;
				DEVELOPMENT_ASSET_PATHS = "\"SeungMaGoChi Watch App/Preview Content\"";
				DEVELOPMENT_TEAM = TZGL6R438Y;
				ENABLE_PREVIEWS = YES;
				GENERATE_INFOPLIST_FILE = YES;
				INFOPLIST_FILE = "SeungMaGoChi-Watch-App-Info.plist";
				INFOPLIST_KEY_CFBundleDisplayName = SeungMaGoChi;
				INFOPLIST_KEY_NSMotionUsageDescription = "This app requires to access motion data";
				INFOPLIST_KEY_UISupportedInterfaceOrientations = "UIInterfaceOrientationPortrait UIInterfaceOrientationPortraitUpsideDown";
				INFOPLIST_KEY_WKWatchOnly = YES;
				LD_RUNPATH_SEARCH_PATHS = (
					"$(inherited)",
					"@executable_path/Frameworks",
				);
				MARKETING_VERSION = 1.0;
				PRODUCT_BUNDLE_IDENTIFIER = "com.eunsung-dev.SeungMaGoChi.watchkitapp";
				PRODUCT_NAME = "$(TARGET_NAME)";
				SDKROOT = watchos;
				SKIP_INSTALL = YES;
				SWIFT_EMIT_LOC_STRINGS = YES;
				SWIFT_VERSION = 5.0;
				TARGETED_DEVICE_FAMILY = 4;
				VALIDATE_PRODUCT = YES;
				WATCHOS_DEPLOYMENT_TARGET = 9.1;
			};
			name = Release;
		};
		910BCADF29D82ED5008BD507 /* Debug */ = {
			isa = XCBuildConfiguration;
			buildSettings = {
				ALWAYS_EMBED_SWIFT_STANDARD_LIBRARIES = YES;
				CODE_SIGN_STYLE = Automatic;
				CURRENT_PROJECT_VERSION = 1;
				DEVELOPMENT_TEAM = TZGL6R438Y;
				INFOPLIST_KEY_CFBundleDisplayName = SeungMaGoChi;
				MARKETING_VERSION = 1.0;
				PRODUCT_BUNDLE_IDENTIFIER = "com.eunsung-dev.SeungMaGoChi";
				PRODUCT_NAME = "$(TARGET_NAME)";
				SDKROOT = iphoneos;
				SWIFT_VERSION = 5.0;
			};
			name = Debug;
		};
		910BCAE029D82ED5008BD507 /* Release */ = {
			isa = XCBuildConfiguration;
			buildSettings = {
				ALWAYS_EMBED_SWIFT_STANDARD_LIBRARIES = YES;
				CODE_SIGN_STYLE = Automatic;
				CURRENT_PROJECT_VERSION = 1;
				DEVELOPMENT_TEAM = TZGL6R438Y;
				INFOPLIST_KEY_CFBundleDisplayName = SeungMaGoChi;
				MARKETING_VERSION = 1.0;
				PRODUCT_BUNDLE_IDENTIFIER = "com.eunsung-dev.SeungMaGoChi";
				PRODUCT_NAME = "$(TARGET_NAME)";
				SDKROOT = iphoneos;
				SWIFT_VERSION = 5.0;
				VALIDATE_PRODUCT = YES;
			};
			name = Release;
		};
/* End XCBuildConfiguration section */

/* Begin XCConfigurationList section */
		910BCAC129D82ED4008BD507 /* Build configuration list for PBXProject "SeungMaGoChi" */ = {
			isa = XCConfigurationList;
			buildConfigurations = (
				910BCAD829D82ED5008BD507 /* Debug */,
				910BCAD929D82ED5008BD507 /* Release */,
			);
			defaultConfigurationIsVisible = 0;
			defaultConfigurationName = Release;
		};
		910BCADA29D82ED5008BD507 /* Build configuration list for PBXNativeTarget "SeungMaGoChi Watch App" */ = {
			isa = XCConfigurationList;
			buildConfigurations = (
				910BCADB29D82ED5008BD507 /* Debug */,
				910BCADC29D82ED5008BD507 /* Release */,
			);
			defaultConfigurationIsVisible = 0;
			defaultConfigurationName = Release;
		};
		910BCADE29D82ED5008BD507 /* Build configuration list for PBXNativeTarget "SeungMaGoChi" */ = {
			isa = XCConfigurationList;
			buildConfigurations = (
				910BCADF29D82ED5008BD507 /* Debug */,
				910BCAE029D82ED5008BD507 /* Release */,
			);
			defaultConfigurationIsVisible = 0;
			defaultConfigurationName = Release;
		};
/* End XCConfigurationList section */
	};
	rootObject = 910BCABE29D82ED4008BD507 /* Project object */;
}
